
Microsoft Visual Studio Solution File, Format Version 12.00
# Visual Studio Version 17
VisualStudioVersion = 17.4.33403.182
MinimumVisualStudioVersion = 10.0.40219.1
Project("{FAE04EC0-301F-11D3-BF4B-00C04F79EFBC}") = "PokemonReviewApplication", "PokemonReviewApplication\PokemonReviewApplication.csproj", "{4ABAF838-D757-483D-BA75-A15C45CD0B1C}"
EndProject
Global
	GlobalSection(SolutionConfigurationPlatforms) = preSolution
		Debug|Any CPU = Debug|Any CPU
		Release|Any CPU = Release|Any CPU
	EndGlobalSection
	GlobalSection(ProjectConfigurationPlatforms) = postSolution
		{4ABAF838-D757-483D-BA75-A15C45CD0B1C}.Debug|Any CPU.ActiveCfg = Debug|Any CPU
		{4ABAF838-D757-483D-BA75-A15C45CD0B1C}.Debug|Any CPU.Build.0 = Debug|Any CPU
		{4ABAF838-D757-483D-BA75-A15C45CD0B1C}.Release|Any CPU.ActiveCfg = Release|Any CPU
		{4ABAF838-D757-483D-BA75-A15C45CD0B1C}.Release|Any CPU.Build.0 = Release|Any CPU
	EndGlobalSection
	GlobalSection(SolutionProperties) = preSolution
		HideSolutionNode = FALSE
	EndGlobalSection
	GlobalSection(ExtensibilityGlobals) = postSolution
		SolutionGuid = {3E94E7A6-820F-4A00-901E-121229DC2390}
	EndGlobalSection
EndGlobal
